Microsoft Visual Studio Solution File, Format Version 11.00
# Visual Studio 2008

Project("{69AD808A-5783-4304-6A54-7820B491B546}") = "Spice", "Assembly-CSharp-firstpass.csproj", "{3EA941F7-9B80-AD7C-CD5B-237EF16B9929}"
EndProject
Project("{69AD808A-5783-4304-6A54-7820B491B546}") = "Spice", "Assembly-CSharp.csproj", "{8AE06806-7410-D173-031F-815DD05D5E39}"
EndProject
Project("{69AD808A-5783-4304-6A54-7820B491B546}") = "Spice", "Assembly-CSharp-Editor.csproj", "{EF31F4CF-CEC4-D62A-7108-CECD3383079A}"
EndProject
Global
	GlobalSection(SolutionConfigurationPlatforms) = preSolution
		Debug|Any CPU = Debug|Any CPU
		Release|Any CPU = Release|Any CPU
	EndGlobalSection
	GlobalSection(ProjectConfigurationPlatforms) = postSolution
		{3EA941F7-9B80-AD7C-CD5B-237EF16B9929}.Debug|Any CPU.ActiveCfg = Debug|Any CPU
		{3EA941F7-9B80-AD7C-CD5B-237EF16B9929}.Debug|Any CPU.Build.0 = Debug|Any CPU
		{3EA941F7-9B80-AD7C-CD5B-237EF16B9929}.Release|Any CPU.ActiveCfg = Release|Any CPU
		{3EA941F7-9B80-AD7C-CD5B-237EF16B9929}.Release|Any CPU.Build.0 = Release|Any CPU
		{8AE06806-7410-D173-031F-815DD05D5E39}.Debug|Any CPU.ActiveCfg = Debug|Any CPU
		{8AE06806-7410-D173-031F-815DD05D5E39}.Debug|Any CPU.Build.0 = Debug|Any CPU
		{8AE06806-7410-D173-031F-815DD05D5E39}.Release|Any CPU.ActiveCfg = Release|Any CPU
		{8AE06806-7410-D173-031F-815DD05D5E39}.Release|Any CPU.Build.0 = Release|Any CPU
		{EF31F4CF-CEC4-D62A-7108-CECD3383079A}.Debug|Any CPU.ActiveCfg = Debug|Any CPU
		{EF31F4CF-CEC4-D62A-7108-CECD3383079A}.Debug|Any CPU.Build.0 = Debug|Any CPU
		{EF31F4CF-CEC4-D62A-7108-CECD3383079A}.Release|Any CPU.ActiveCfg = Release|Any CPU
		{EF31F4CF-CEC4-D62A-7108-CECD3383079A}.Release|Any CPU.Build.0 = Release|Any CPU
	EndGlobalSection
	GlobalSection(SolutionProperties) = preSolution
		HideSolutionNode = FALSE
	EndGlobalSection
	GlobalSection(MonoDevelopProperties) = preSolution
		StartupItem = Assembly-CSharp.csproj
	EndGlobalSection
EndGlobal
